
Microsoft Visual Studio Solution File, Format Version 12.00
# Visual Studio Version 17
VisualStudioVersion = 17.4.33122.133
MinimumVisualStudioVersion = 10.0.40219.1
Project("{9A19103F-16F7-4668-BE54-9A1E7A4F7556}") = "base cleaner", "base cleaner.csproj", "{DF1158DB-C630-4B39-AB97-CF23038A085D}"
EndProject
Project("{2150E333-8FDC-42A3-9474-1A3956D46DE8}") = "Solution Items", "Solution Items", "{8072E43F-B26C-48EC-B8C3-753EEA2749DB}"
	ProjectSection(SolutionItems) = preProject
		.editorconfig = .editorconfig
	EndProjectSection
EndProject
Global
	GlobalSection(SolutionConfigurationPlatforms) = preSolution
		Debug|Any CPU = Debug|Any CPU
		Release|Any CPU = Release|Any CPU
	EndGlobalSection
	GlobalSection(ProjectConfigurationPlatforms) = postSolution
		{DF1158DB-C630-4B39-AB97-CF23038A085D}.Debug|Any CPU.ActiveCfg = Debug|Any CPU
		{DF1158DB-C630-4B39-AB97-CF23038A085D}.Debug|Any CPU.Build.0 = Debug|Any CPU
		{DF1158DB-C630-4B39-AB97-CF23038A085D}.Release|Any CPU.ActiveCfg = Release|Any CPU
		{DF1158DB-C630-4B39-AB97-CF23038A085D}.Release|Any CPU.Build.0 = Release|Any CPU
	EndGlobalSection
	GlobalSection(SolutionProperties) = preSolution
		HideSolutionNode = FALSE
	EndGlobalSection
	GlobalSection(ExtensibilityGlobals) = postSolution
		SolutionGuid = {9FE8CBC0-F50E-43F6-91D0-43427D4A0D8D}
	EndGlobalSection
EndGlobal
